
Microsoft Visual Studio Solution File, Format Version 12.00
# Visual Studio 15
VisualStudioVersion = 15.0.26124.0
MinimumVisualStudioVersion = 15.0.26124.0
Project("{2150E333-8FDC-42A3-9474-1A3956D46DE8}") = "linker", "linker", "{42948FE4-394E-42D9-B640-DD7DB36150C4}"
EndProject
Project("{2150E333-8FDC-42A3-9474-1A3956D46DE8}") = "external", "external", "{5A886597-6AE9-4659-9C1D-95D107F08012}"
EndProject
Project("{2150E333-8FDC-42A3-9474-1A3956D46DE8}") = "cecil", "cecil", "{6AE05484-68AA-4444-B88C-E17F02742B76}"
EndProject
Project("{2150E333-8FDC-42A3-9474-1A3956D46DE8}") = "symbols", "symbols", "{8354B2F7-7401-42DD-AAF6-2609A843D783}"
EndProject
Project("{FAE04EC0-301F-11D3-BF4B-00C04F79EFBC}") = "Mono.Cecil.Pdb", "linker\external\cecil\symbols\pdb\Mono.Cecil.Pdb.csproj", "{EB8F1D82-B5E5-40FD-AFB8-5F7DBEE7964F}"
EndProject
Project("{FAE04EC0-301F-11D3-BF4B-00C04F79EFBC}") = "Mono.Cecil", "linker\external\cecil\Mono.Cecil.csproj", "{85A50F53-35C0-4FC1-9F7A-2AB818C83BF3}"
EndProject
Project("{2150E333-8FDC-42A3-9474-1A3956D46DE8}") = "src", "src", "{BAE541A9-54EB-4E9B-8E43-557C13EE850C}"
EndProject
Project("{FAE04EC0-301F-11D3-BF4B-00C04F79EFBC}") = "Mono.Linker", "linker\src\linker\Mono.Linker.csproj", "{E00E0779-9A38-456D-818A-1B58CF5FE124}"
EndProject
Project("{FAE04EC0-301F-11D3-BF4B-00C04F79EFBC}") = "ILLink.Tasks", "linker\src\ILLink.Tasks\ILLink.Tasks.csproj", "{530B5AD1-AF3F-4ACE-855C-2100D39E2FF6}"
EndProject
Project("{2150E333-8FDC-42A3-9474-1A3956D46DE8}") = "test", "test", "{EE71DF85-D78A-43C1-8989-164C6F098036}"
EndProject
Project("{FAE04EC0-301F-11D3-BF4B-00C04F79EFBC}") = "Mono.Linker.Tests", "linker\test\Mono.Linker.Tests\Mono.Linker.Tests.csproj", "{7543BC7A-D366-4053-B75F-BDA066D1F4AC}"
EndProject
Project("{FAE04EC0-301F-11D3-BF4B-00C04F79EFBC}") = "Mono.Linker.Tests.Cases", "linker\test\Mono.Linker.Tests.Cases\Mono.Linker.Tests.Cases.csproj", "{56731D65-188B-4BC8-8B82-87B33872E298}"
EndProject
Project("{FAE04EC0-301F-11D3-BF4B-00C04F79EFBC}") = "Mono.Linker.Tests.Cases.Expectations", "linker\test\Mono.Linker.Tests.Cases.Expectations\Mono.Linker.Tests.Cases.Expectations.csproj", "{0E6484A5-4C56-4A96-AAD4-7D1B2BC613B2}"
EndProject
Project("{FAE04EC0-301F-11D3-BF4B-00C04F79EFBC}") = "analyzer", "linker\src\analyzer\analyzer.csproj", "{554178D9-E84B-4E41-B552-5AF387BA402E}"
EndProject
Global
	GlobalSection(SolutionConfigurationPlatforms) = preSolution
		Debug|Any CPU = Debug|Any CPU
		Debug|x64 = Debug|x64
		Debug|x86 = Debug|x86
		Release|Any CPU = Release|Any CPU
		Release|x64 = Release|x64
		Release|x86 = Release|x86
	EndGlobalSection
	GlobalSection(SolutionProperties) = preSolution
		HideSolutionNode = FALSE
	EndGlobalSection
	GlobalSection(ProjectConfigurationPlatforms) = postSolution
		{EB8F1D82-B5E5-40FD-AFB8-5F7DBEE7964F}.Debug|Any CPU.ActiveCfg = Debug|Any CPU
		{EB8F1D82-B5E5-40FD-AFB8-5F7DBEE7964F}.Debug|Any CPU.Build.0 = Debug|Any CPU
		{EB8F1D82-B5E5-40FD-AFB8-5F7DBEE7964F}.Debug|x64.ActiveCfg = Debug|Any CPU
		{EB8F1D82-B5E5-40FD-AFB8-5F7DBEE7964F}.Debug|x64.Build.0 = Debug|Any CPU
		{EB8F1D82-B5E5-40FD-AFB8-5F7DBEE7964F}.Debug|x86.ActiveCfg = Debug|Any CPU
		{EB8F1D82-B5E5-40FD-AFB8-5F7DBEE7964F}.Debug|x86.Build.0 = Debug|Any CPU
		{EB8F1D82-B5E5-40FD-AFB8-5F7DBEE7964F}.Release|Any CPU.ActiveCfg = Release|Any CPU
		{EB8F1D82-B5E5-40FD-AFB8-5F7DBEE7964F}.Release|Any CPU.Build.0 = Release|Any CPU
		{EB8F1D82-B5E5-40FD-AFB8-5F7DBEE7964F}.Release|x64.ActiveCfg = Release|Any CPU
		{EB8F1D82-B5E5-40FD-AFB8-5F7DBEE7964F}.Release|x64.Build.0 = Release|Any CPU
		{EB8F1D82-B5E5-40FD-AFB8-5F7DBEE7964F}.Release|x86.ActiveCfg = Release|Any CPU
		{EB8F1D82-B5E5-40FD-AFB8-5F7DBEE7964F}.Release|x86.Build.0 = Release|Any CPU
		{85A50F53-35C0-4FC1-9F7A-2AB818C83BF3}.Debug|Any CPU.ActiveCfg = Debug|Any CPU
		{85A50F53-35C0-4FC1-9F7A-2AB818C83BF3}.Debug|Any CPU.Build.0 = Debug|Any CPU
		{85A50F53-35C0-4FC1-9F7A-2AB818C83BF3}.Debug|x64.ActiveCfg = Debug|Any CPU
		{85A50F53-35C0-4FC1-9F7A-2AB818C83BF3}.Debug|x64.Build.0 = Debug|Any CPU
		{85A50F53-35C0-4FC1-9F7A-2AB818C83BF3}.Debug|x86.ActiveCfg = Debug|Any CPU
		{85A50F53-35C0-4FC1-9F7A-2AB818C83BF3}.Debug|x86.Build.0 = Debug|Any CPU
		{85A50F53-35C0-4FC1-9F7A-2AB818C83BF3}.Release|Any CPU.ActiveCfg = Release|Any CPU
		{85A50F53-35C0-4FC1-9F7A-2AB818C83BF3}.Release|Any CPU.Build.0 = Release|Any CPU
		{85A50F53-35C0-4FC1-9F7A-2AB818C83BF3}.Release|x64.ActiveCfg = Release|Any CPU
		{85A50F53-35C0-4FC1-9F7A-2AB818C83BF3}.Release|x64.Build.0 = Release|Any CPU
		{85A50F53-35C0-4FC1-9F7A-2AB818C83BF3}.Release|x86.ActiveCfg = Release|Any CPU
		{85A50F53-35C0-4FC1-9F7A-2AB818C83BF3}.Release|x86.Build.0 = Release|Any CPU
		{E00E0779-9A38-456D-818A-1B58CF5FE124}.Debug|Any CPU.ActiveCfg = Debug|Any CPU
		{E00E0779-9A38-456D-818A-1B58CF5FE124}.Debug|Any CPU.Build.0 = Debug|Any CPU
		{E00E0779-9A38-456D-818A-1B58CF5FE124}.Debug|x64.ActiveCfg = Debug|Any CPU
		{E00E0779-9A38-456D-818A-1B58CF5FE124}.Debug|x64.Build.0 = Debug|Any CPU
		{E00E0779-9A38-456D-818A-1B58CF5FE124}.Debug|x86.ActiveCfg = Debug|Any CPU
		{E00E0779-9A38-456D-818A-1B58CF5FE124}.Debug|x86.Build.0 = Debug|Any CPU
		{E00E0779-9A38-456D-818A-1B58CF5FE124}.Release|Any CPU.ActiveCfg = Release|Any CPU
		{E00E0779-9A38-456D-818A-1B58CF5FE124}.Release|Any CPU.Build.0 = Release|Any CPU
		{E00E0779-9A38-456D-818A-1B58CF5FE124}.Release|x64.ActiveCfg = Release|Any CPU
		{E00E0779-9A38-456D-818A-1B58CF5FE124}.Release|x64.Build.0 = Release|Any CPU
		{E00E0779-9A38-456D-818A-1B58CF5FE124}.Release|x86.ActiveCfg = Release|Any CPU
		{E00E0779-9A38-456D-818A-1B58CF5FE124}.Release|x86.Build.0 = Release|Any CPU
		{530B5AD1-AF3F-4ACE-855C-2100D39E2FF6}.Debug|Any CPU.ActiveCfg = Debug|Any CPU
		{530B5AD1-AF3F-4ACE-855C-2100D39E2FF6}.Debug|Any CPU.Build.0 = Debug|Any CPU
		{530B5AD1-AF3F-4ACE-855C-2100D39E2FF6}.Debug|x64.ActiveCfg = Debug|Any CPU
		{530B5AD1-AF3F-4ACE-855C-2100D39E2FF6}.Debug|x64.Build.0 = Debug|Any CPU
		{530B5AD1-AF3F-4ACE-855C-2100D39E2FF6}.Debug|x86.ActiveCfg = Debug|Any CPU
		{530B5AD1-AF3F-4ACE-855C-2100D39E2FF6}.Debug|x86.Build.0 = Debug|Any CPU
		{530B5AD1-AF3F-4ACE-855C-2100D39E2FF6}.Release|Any CPU.ActiveCfg = Release|Any CPU
		{530B5AD1-AF3F-4ACE-855C-2100D39E2FF6}.Release|Any CPU.Build.0 = Release|Any CPU
		{530B5AD1-AF3F-4ACE-855C-2100D39E2FF6}.Release|x64.ActiveCfg = Release|Any CPU
		{530B5AD1-AF3F-4ACE-855C-2100D39E2FF6}.Release|x64.Build.0 = Release|Any CPU
		{530B5AD1-AF3F-4ACE-855C-2100D39E2FF6}.Release|x86.ActiveCfg = Release|Any CPU
		{530B5AD1-AF3F-4ACE-855C-2100D39E2FF6}.Release|x86.Build.0 = Release|Any CPU
		{7543BC7A-D366-4053-B75F-BDA066D1F4AC}.Debug|Any CPU.ActiveCfg = Debug|Any CPU
		{7543BC7A-D366-4053-B75F-BDA066D1F4AC}.Debug|Any CPU.Build.0 = Debug|Any CPU
		{7543BC7A-D366-4053-B75F-BDA066D1F4AC}.Debug|x64.ActiveCfg = Debug|Any CPU
		{7543BC7A-D366-4053-B75F-BDA066D1F4AC}.Debug|x64.Build.0 = Debug|Any CPU
		{7543BC7A-D366-4053-B75F-BDA066D1F4AC}.Debug|x86.ActiveCfg = Debug|Any CPU
		{7543BC7A-D366-4053-B75F-BDA066D1F4AC}.Debug|x86.Build.0 = Debug|Any CPU
		{7543BC7A-D366-4053-B75F-BDA066D1F4AC}.Release|Any CPU.ActiveCfg = Release|Any CPU
		{7543BC7A-D366-4053-B75F-BDA066D1F4AC}.Release|Any CPU.Build.0 = Release|Any CPU
		{7543BC7A-D366-4053-B75F-BDA066D1F4AC}.Release|x64.ActiveCfg = Release|Any CPU
		{7543BC7A-D366-4053-B75F-BDA066D1F4AC}.Release|x64.Build.0 = Release|Any CPU
		{7543BC7A-D366-4053-B75F-BDA066D1F4AC}.Release|x86.ActiveCfg = Release|Any CPU
		{7543BC7A-D366-4053-B75F-BDA066D1F4AC}.Release|x86.Build.0 = Release|Any CPU
		{56731D65-188B-4BC8-8B82-87B33872E298}.Debug|Any CPU.ActiveCfg = Debug|Any CPU
		{56731D65-188B-4BC8-8B82-87B33872E298}.Debug|Any CPU.Build.0 = Debug|Any CPU
		{56731D65-188B-4BC8-8B82-87B33872E298}.Debug|x64.ActiveCfg = Debug|Any CPU
		{56731D65-188B-4BC8-8B82-87B33872E298}.Debug|x64.Build.0 = Debug|Any CPU
		{56731D65-188B-4BC8-8B82-87B33872E298}.Debug|x86.ActiveCfg = Debug|Any CPU
		{56731D65-188B-4BC8-8B82-87B33872E298}.Debug|x86.Build.0 = Debug|Any CPU
		{56731D65-188B-4BC8-8B82-87B33872E298}.Release|Any CPU.ActiveCfg = Release|Any CPU
		{56731D65-188B-4BC8-8B82-87B33872E298}.Release|Any CPU.Build.0 = Release|Any CPU
		{56731D65-188B-4BC8-8B82-87B33872E298}.Release|x64.ActiveCfg = Release|Any CPU
		{56731D65-188B-4BC8-8B82-87B33872E298}.Release|x64.Build.0 = Release|Any CPU
		{56731D65-188B-4BC8-8B82-87B33872E298}.Release|x86.ActiveCfg = Release|Any CPU
		{56731D65-188B-4BC8-8B82-87B33872E298}.Release|x86.Build.0 = Release|Any CPU
		{0E6484A5-4C56-4A96-AAD4-7D1B2BC613B2}.Debug|Any CPU.ActiveCfg = Debug|Any CPU
		{0E6484A5-4C56-4A96-AAD4-7D1B2BC613B2}.Debug|Any CPU.Build.0 = Debug|Any CPU
		{0E6484A5-4C56-4A96-AAD4-7D1B2BC613B2}.Debug|x64.ActiveCfg = Debug|Any CPU
		{0E6484A5-4C56-4A96-AAD4-7D1B2BC613B2}.Debug|x64.Build.0 = Debug|Any CPU
		{0E6484A5-4C56-4A96-AAD4-7D1B2BC613B2}.Debug|x86.ActiveCfg = Debug|Any CPU
		{0E6484A5-4C56-4A96-AAD4-7D1B2BC613B2}.Debug|x86.Build.0 = Debug|Any CPU
		{0E6484A5-4C56-4A96-AAD4-7D1B2BC613B2}.Release|Any CPU.ActiveCfg = Release|Any CPU
		{0E6484A5-4C56-4A96-AAD4-7D1B2BC613B2}.Release|Any CPU.Build.0 = Release|Any CPU
		{0E6484A5-4C56-4A96-AAD4-7D1B2BC613B2}.Release|x64.ActiveCfg = Release|Any CPU
		{0E6484A5-4C56-4A96-AAD4-7D1B2BC613B2}.Release|x64.Build.0 = Release|Any CPU
		{0E6484A5-4C56-4A96-AAD4-7D1B2BC613B2}.Release|x86.ActiveCfg = Release|Any CPU
		{0E6484A5-4C56-4A96-AAD4-7D1B2BC613B2}.Release|x86.Build.0 = Release|Any CPU
		{554178D9-E84B-4E41-B552-5AF387BA402E}.Debug|Any CPU.ActiveCfg = Debug|Any CPU
		{554178D9-E84B-4E41-B552-5AF387BA402E}.Debug|Any CPU.Build.0 = Debug|Any CPU
		{554178D9-E84B-4E41-B552-5AF387BA402E}.Debug|x64.ActiveCfg = Debug|Any CPU
		{554178D9-E84B-4E41-B552-5AF387BA402E}.Debug|x64.Build.0 = Debug|Any CPU
		{554178D9-E84B-4E41-B552-5AF387BA402E}.Debug|x86.ActiveCfg = Debug|Any CPU
		{554178D9-E84B-4E41-B552-5AF387BA402E}.Debug|x86.Build.0 = Debug|Any CPU
		{554178D9-E84B-4E41-B552-5AF387BA402E}.Release|Any CPU.ActiveCfg = Release|Any CPU
		{554178D9-E84B-4E41-B552-5AF387BA402E}.Release|Any CPU.Build.0 = Release|Any CPU
		{554178D9-E84B-4E41-B552-5AF387BA402E}.Release|x64.ActiveCfg = Release|Any CPU
		{554178D9-E84B-4E41-B552-5AF387BA402E}.Release|x64.Build.0 = Release|Any CPU
		{554178D9-E84B-4E41-B552-5AF387BA402E}.Release|x86.ActiveCfg = Release|Any CPU
		{554178D9-E84B-4E41-B552-5AF387BA402E}.Release|x86.Build.0 = Release|Any CPU
	EndGlobalSection
	GlobalSection(NestedProjects) = preSolution
		{5A886597-6AE9-4659-9C1D-95D107F08012} = {42948FE4-394E-42D9-B640-DD7DB36150C4}
		{6AE05484-68AA-4444-B88C-E17F02742B76} = {5A886597-6AE9-4659-9C1D-95D107F08012}
		{8354B2F7-7401-42DD-AAF6-2609A843D783} = {6AE05484-68AA-4444-B88C-E17F02742B76}
		{EB8F1D82-B5E5-40FD-AFB8-5F7DBEE7964F} = {8354B2F7-7401-42DD-AAF6-2609A843D783}
		{85A50F53-35C0-4FC1-9F7A-2AB818C83BF3} = {5A886597-6AE9-4659-9C1D-95D107F08012}
		{BAE541A9-54EB-4E9B-8E43-557C13EE850C} = {42948FE4-394E-42D9-B640-DD7DB36150C4}
		{E00E0779-9A38-456D-818A-1B58CF5FE124} = {BAE541A9-54EB-4E9B-8E43-557C13EE850C}
		{530B5AD1-AF3F-4ACE-855C-2100D39E2FF6} = {BAE541A9-54EB-4E9B-8E43-557C13EE850C}
		{EE71DF85-D78A-43C1-8989-164C6F098036} = {42948FE4-394E-42D9-B640-DD7DB36150C4}
		{7543BC7A-D366-4053-B75F-BDA066D1F4AC} = {EE71DF85-D78A-43C1-8989-164C6F098036}
		{56731D65-188B-4BC8-8B82-87B33872E298} = {EE71DF85-D78A-43C1-8989-164C6F098036}
		{0E6484A5-4C56-4A96-AAD4-7D1B2BC613B2} = {EE71DF85-D78A-43C1-8989-164C6F098036}
		{554178D9-E84B-4E41-B552-5AF387BA402E} = {BAE541A9-54EB-4E9B-8E43-557C13EE850C}
	EndGlobalSection
EndGlobal
