
Microsoft Visual Studio Solution File, Format Version 12.00
# Visual Studio 15
VisualStudioVersion = 15.0.26124.0
MinimumVisualStudioVersion = 15.0.26124.0
Project("{2150E333-8FDC-42A3-9474-1A3956D46DE8}") = "linker", "linker", "{9446114C-007D-418B-A759-80839674CC1F}"
EndProject
Project("{2150E333-8FDC-42A3-9474-1A3956D46DE8}") = "external", "external", "{51D8B8B2-2FEC-419F-A9DA-CB9BE50ED090}"
EndProject
Project("{2150E333-8FDC-42A3-9474-1A3956D46DE8}") = "cecil", "cecil", "{AA089F2D-32F4-4673-A1AC-65164DA740F4}"
EndProject
Project("{2150E333-8FDC-42A3-9474-1A3956D46DE8}") = "symbols", "symbols", "{7D834D4E-B9D8-460F-AF98-D79B8E94ACC8}"
EndProject
Project("{FAE04EC0-301F-11D3-BF4B-00C04F79EFBC}") = "Mono.Cecil.Pdb", "linker\external\cecil\symbols\pdb\Mono.Cecil.Pdb.csproj", "{52A4C482-38BA-42A7-A9F0-BD163AB33E24}"
EndProject
Project("{FAE04EC0-301F-11D3-BF4B-00C04F79EFBC}") = "Mono.Cecil.Mdb", "linker\external\cecil\symbols\mdb\Mono.Cecil.Mdb.csproj", "{43E9C79E-035C-4584-A444-560780F45A7E}"
EndProject
Project("{FAE04EC0-301F-11D3-BF4B-00C04F79EFBC}") = "Mono.Cecil", "linker\external\cecil\Mono.Cecil.csproj", "{749974FA-907B-4192-8074-6F21F74358F5}"
EndProject
Project("{2150E333-8FDC-42A3-9474-1A3956D46DE8}") = "src", "src", "{DC88D6F6-EA49-4AAC-867F-7EC36065E829}"
EndProject
Project("{FAE04EC0-301F-11D3-BF4B-00C04F79EFBC}") = "Mono.Linker", "linker\src\linker\Mono.Linker.csproj", "{AC3A2F2B-4146-4FDE-A778-3A529C54EB7F}"
EndProject
Project("{FAE04EC0-301F-11D3-BF4B-00C04F79EFBC}") = "ILLink.Tasks", "linker\src\ILLink.Tasks\ILLink.Tasks.csproj", "{1C673C2E-3943-4829-9148-91179E00A777}"
EndProject
Project("{2150E333-8FDC-42A3-9474-1A3956D46DE8}") = "test", "test", "{16E5D40D-DEE2-42A9-A190-67D8116F70B8}"
EndProject
Project("{FAE04EC0-301F-11D3-BF4B-00C04F79EFBC}") = "Mono.Linker.Tests", "linker\test\Mono.Linker.Tests\Mono.Linker.Tests.csproj", "{734EF232-43AC-438B-9359-2D92E5F1BA68}"
EndProject
Project("{FAE04EC0-301F-11D3-BF4B-00C04F79EFBC}") = "Mono.Linker.Tests.Cases", "linker\test\Mono.Linker.Tests.Cases\Mono.Linker.Tests.Cases.csproj", "{06135A48-269C-45C4-A083-355B40C2468A}"
EndProject
Project("{FAE04EC0-301F-11D3-BF4B-00C04F79EFBC}") = "Mono.Linker.Tests.Cases.Expectations", "linker\test\Mono.Linker.Tests.Cases.Expectations\Mono.Linker.Tests.Cases.Expectations.csproj", "{763CCF58-EF20-40F6-BE45-DB39AE56CBF9}"
EndProject
Project("{FAE04EC0-301F-11D3-BF4B-00C04F79EFBC}") = "ILLink.Tasks.Tests", "linker\test\ILLink.Tasks.Tests\ILLink.Tasks.Tests.csproj", "{1408C374-31BE-4259-AB01-6DB19342A07F}"
EndProject
Project("{FAE04EC0-301F-11D3-BF4B-00C04F79EFBC}") = "analyzer", "linker\src\analyzer\analyzer.csproj", "{DE523F91-3FB0-497C-82F5-D9D98C4D60CD}"
EndProject
Project("{FAE04EC0-301F-11D3-BF4B-00C04F79EFBC}") = "WebApp", "WebApp\WebApp.csproj", "{BCCF117B-A64A-4A14-9EC5-D95C2F062EEB}"
EndProject
Project("{FAE04EC0-301F-11D3-BF4B-00C04F79EFBC}") = "Mono.Cecil.Tests", "linker\external\cecil\Test\Mono.Cecil.Tests.csproj", "{173F7240-8074-4A0E-91A6-A307731F51EA}"
EndProject
Global
	GlobalSection(SolutionConfigurationPlatforms) = preSolution
		Debug|Any CPU = Debug|Any CPU
		Debug|x64 = Debug|x64
		Debug|x86 = Debug|x86
		Release|Any CPU = Release|Any CPU
		Release|x64 = Release|x64
		Release|x86 = Release|x86
	EndGlobalSection
	GlobalSection(SolutionProperties) = preSolution
		HideSolutionNode = FALSE
	EndGlobalSection
	GlobalSection(ProjectConfigurationPlatforms) = postSolution
		{52A4C482-38BA-42A7-A9F0-BD163AB33E24}.Debug|Any CPU.ActiveCfg = Debug|Any CPU
		{52A4C482-38BA-42A7-A9F0-BD163AB33E24}.Debug|Any CPU.Build.0 = Debug|Any CPU
		{52A4C482-38BA-42A7-A9F0-BD163AB33E24}.Debug|x64.ActiveCfg = Debug|Any CPU
		{52A4C482-38BA-42A7-A9F0-BD163AB33E24}.Debug|x64.Build.0 = Debug|Any CPU
		{52A4C482-38BA-42A7-A9F0-BD163AB33E24}.Debug|x86.ActiveCfg = Debug|Any CPU
		{52A4C482-38BA-42A7-A9F0-BD163AB33E24}.Debug|x86.Build.0 = Debug|Any CPU
		{52A4C482-38BA-42A7-A9F0-BD163AB33E24}.Release|Any CPU.ActiveCfg = Release|Any CPU
		{52A4C482-38BA-42A7-A9F0-BD163AB33E24}.Release|Any CPU.Build.0 = Release|Any CPU
		{52A4C482-38BA-42A7-A9F0-BD163AB33E24}.Release|x64.ActiveCfg = Release|Any CPU
		{52A4C482-38BA-42A7-A9F0-BD163AB33E24}.Release|x64.Build.0 = Release|Any CPU
		{52A4C482-38BA-42A7-A9F0-BD163AB33E24}.Release|x86.ActiveCfg = Release|Any CPU
		{52A4C482-38BA-42A7-A9F0-BD163AB33E24}.Release|x86.Build.0 = Release|Any CPU
		{43E9C79E-035C-4584-A444-560780F45A7E}.Debug|Any CPU.ActiveCfg = Debug|Any CPU
		{43E9C79E-035C-4584-A444-560780F45A7E}.Debug|Any CPU.Build.0 = Debug|Any CPU
		{43E9C79E-035C-4584-A444-560780F45A7E}.Debug|x64.ActiveCfg = Debug|Any CPU
		{43E9C79E-035C-4584-A444-560780F45A7E}.Debug|x64.Build.0 = Debug|Any CPU
		{43E9C79E-035C-4584-A444-560780F45A7E}.Debug|x86.ActiveCfg = Debug|Any CPU
		{43E9C79E-035C-4584-A444-560780F45A7E}.Debug|x86.Build.0 = Debug|Any CPU
		{43E9C79E-035C-4584-A444-560780F45A7E}.Release|Any CPU.ActiveCfg = Release|Any CPU
		{43E9C79E-035C-4584-A444-560780F45A7E}.Release|Any CPU.Build.0 = Release|Any CPU
		{43E9C79E-035C-4584-A444-560780F45A7E}.Release|x64.ActiveCfg = Release|Any CPU
		{43E9C79E-035C-4584-A444-560780F45A7E}.Release|x64.Build.0 = Release|Any CPU
		{43E9C79E-035C-4584-A444-560780F45A7E}.Release|x86.ActiveCfg = Release|Any CPU
		{43E9C79E-035C-4584-A444-560780F45A7E}.Release|x86.Build.0 = Release|Any CPU
		{749974FA-907B-4192-8074-6F21F74358F5}.Debug|Any CPU.ActiveCfg = Debug|Any CPU
		{749974FA-907B-4192-8074-6F21F74358F5}.Debug|Any CPU.Build.0 = Debug|Any CPU
		{749974FA-907B-4192-8074-6F21F74358F5}.Debug|x64.ActiveCfg = Debug|Any CPU
		{749974FA-907B-4192-8074-6F21F74358F5}.Debug|x64.Build.0 = Debug|Any CPU
		{749974FA-907B-4192-8074-6F21F74358F5}.Debug|x86.ActiveCfg = Debug|Any CPU
		{749974FA-907B-4192-8074-6F21F74358F5}.Debug|x86.Build.0 = Debug|Any CPU
		{749974FA-907B-4192-8074-6F21F74358F5}.Release|Any CPU.ActiveCfg = Release|Any CPU
		{749974FA-907B-4192-8074-6F21F74358F5}.Release|Any CPU.Build.0 = Release|Any CPU
		{749974FA-907B-4192-8074-6F21F74358F5}.Release|x64.ActiveCfg = Release|Any CPU
		{749974FA-907B-4192-8074-6F21F74358F5}.Release|x64.Build.0 = Release|Any CPU
		{749974FA-907B-4192-8074-6F21F74358F5}.Release|x86.ActiveCfg = Release|Any CPU
		{749974FA-907B-4192-8074-6F21F74358F5}.Release|x86.Build.0 = Release|Any CPU
		{AC3A2F2B-4146-4FDE-A778-3A529C54EB7F}.Debug|Any CPU.ActiveCfg = illink_Debug|Any CPU
		{AC3A2F2B-4146-4FDE-A778-3A529C54EB7F}.Debug|Any CPU.Build.0 = illink_Debug|Any CPU
		{AC3A2F2B-4146-4FDE-A778-3A529C54EB7F}.Debug|x64.ActiveCfg = illink_Debug|Any CPU
		{AC3A2F2B-4146-4FDE-A778-3A529C54EB7F}.Debug|x64.Build.0 = illink_Debug|Any CPU
		{AC3A2F2B-4146-4FDE-A778-3A529C54EB7F}.Debug|x86.ActiveCfg = illink_Debug|Any CPU
		{AC3A2F2B-4146-4FDE-A778-3A529C54EB7F}.Debug|x86.Build.0 = illink_Debug|Any CPU
		{AC3A2F2B-4146-4FDE-A778-3A529C54EB7F}.Release|Any CPU.ActiveCfg = illink_Release|Any CPU
		{AC3A2F2B-4146-4FDE-A778-3A529C54EB7F}.Release|Any CPU.Build.0 = illink_Release|Any CPU
		{AC3A2F2B-4146-4FDE-A778-3A529C54EB7F}.Release|x64.ActiveCfg = illink_Release|Any CPU
		{AC3A2F2B-4146-4FDE-A778-3A529C54EB7F}.Release|x64.Build.0 = illink_Release|Any CPU
		{AC3A2F2B-4146-4FDE-A778-3A529C54EB7F}.Release|x86.ActiveCfg = illink_Release|Any CPU
		{AC3A2F2B-4146-4FDE-A778-3A529C54EB7F}.Release|x86.Build.0 = illink_Release|Any CPU
		{1C673C2E-3943-4829-9148-91179E00A777}.Debug|Any CPU.ActiveCfg = Debug|Any CPU
		{1C673C2E-3943-4829-9148-91179E00A777}.Debug|Any CPU.Build.0 = Debug|Any CPU
		{1C673C2E-3943-4829-9148-91179E00A777}.Debug|x64.ActiveCfg = Debug|Any CPU
		{1C673C2E-3943-4829-9148-91179E00A777}.Debug|x64.Build.0 = Debug|Any CPU
		{1C673C2E-3943-4829-9148-91179E00A777}.Debug|x86.ActiveCfg = Debug|Any CPU
		{1C673C2E-3943-4829-9148-91179E00A777}.Debug|x86.Build.0 = Debug|Any CPU
		{1C673C2E-3943-4829-9148-91179E00A777}.Release|Any CPU.ActiveCfg = Release|Any CPU
		{1C673C2E-3943-4829-9148-91179E00A777}.Release|Any CPU.Build.0 = Release|Any CPU
		{1C673C2E-3943-4829-9148-91179E00A777}.Release|x64.ActiveCfg = Release|Any CPU
		{1C673C2E-3943-4829-9148-91179E00A777}.Release|x64.Build.0 = Release|Any CPU
		{1C673C2E-3943-4829-9148-91179E00A777}.Release|x86.ActiveCfg = Release|Any CPU
		{1C673C2E-3943-4829-9148-91179E00A777}.Release|x86.Build.0 = Release|Any CPU
		{734EF232-43AC-438B-9359-2D92E5F1BA68}.Debug|Any CPU.ActiveCfg = illink_Debug|Any CPU
		{734EF232-43AC-438B-9359-2D92E5F1BA68}.Debug|Any CPU.Build.0 = illink_Debug|Any CPU
		{734EF232-43AC-438B-9359-2D92E5F1BA68}.Debug|x64.ActiveCfg = illink_Debug|Any CPU
		{734EF232-43AC-438B-9359-2D92E5F1BA68}.Debug|x64.Build.0 = illink_Debug|Any CPU
		{734EF232-43AC-438B-9359-2D92E5F1BA68}.Debug|x86.ActiveCfg = illink_Debug|Any CPU
		{734EF232-43AC-438B-9359-2D92E5F1BA68}.Debug|x86.Build.0 = illink_Debug|Any CPU
		{734EF232-43AC-438B-9359-2D92E5F1BA68}.Release|Any CPU.ActiveCfg = illink_Release|Any CPU
		{734EF232-43AC-438B-9359-2D92E5F1BA68}.Release|Any CPU.Build.0 = illink_Release|Any CPU
		{734EF232-43AC-438B-9359-2D92E5F1BA68}.Release|x64.ActiveCfg = illink_Release|Any CPU
		{734EF232-43AC-438B-9359-2D92E5F1BA68}.Release|x64.Build.0 = illink_Release|Any CPU
		{734EF232-43AC-438B-9359-2D92E5F1BA68}.Release|x86.ActiveCfg = illink_Release|Any CPU
		{734EF232-43AC-438B-9359-2D92E5F1BA68}.Release|x86.Build.0 = illink_Release|Any CPU
		{06135A48-269C-45C4-A083-355B40C2468A}.Debug|Any CPU.ActiveCfg = illink_Debug|Any CPU
		{06135A48-269C-45C4-A083-355B40C2468A}.Debug|Any CPU.Build.0 = illink_Debug|Any CPU
		{06135A48-269C-45C4-A083-355B40C2468A}.Debug|x64.ActiveCfg = illink_Debug|Any CPU
		{06135A48-269C-45C4-A083-355B40C2468A}.Debug|x64.Build.0 = illink_Debug|Any CPU
		{06135A48-269C-45C4-A083-355B40C2468A}.Debug|x86.ActiveCfg = illink_Debug|Any CPU
		{06135A48-269C-45C4-A083-355B40C2468A}.Debug|x86.Build.0 = illink_Debug|Any CPU
		{06135A48-269C-45C4-A083-355B40C2468A}.Release|Any CPU.ActiveCfg = illink_Release|Any CPU
		{06135A48-269C-45C4-A083-355B40C2468A}.Release|Any CPU.Build.0 = illink_Release|Any CPU
		{06135A48-269C-45C4-A083-355B40C2468A}.Release|x64.ActiveCfg = illink_Release|Any CPU
		{06135A48-269C-45C4-A083-355B40C2468A}.Release|x64.Build.0 = illink_Release|Any CPU
		{06135A48-269C-45C4-A083-355B40C2468A}.Release|x86.ActiveCfg = illink_Release|Any CPU
		{06135A48-269C-45C4-A083-355B40C2468A}.Release|x86.Build.0 = illink_Release|Any CPU
		{763CCF58-EF20-40F6-BE45-DB39AE56CBF9}.Debug|Any CPU.ActiveCfg = illink_Debug|Any CPU
		{763CCF58-EF20-40F6-BE45-DB39AE56CBF9}.Debug|Any CPU.Build.0 = illink_Debug|Any CPU
		{763CCF58-EF20-40F6-BE45-DB39AE56CBF9}.Debug|x64.ActiveCfg = illink_Debug|Any CPU
		{763CCF58-EF20-40F6-BE45-DB39AE56CBF9}.Debug|x64.Build.0 = illink_Debug|Any CPU
		{763CCF58-EF20-40F6-BE45-DB39AE56CBF9}.Debug|x86.ActiveCfg = illink_Debug|Any CPU
		{763CCF58-EF20-40F6-BE45-DB39AE56CBF9}.Debug|x86.Build.0 = illink_Debug|Any CPU
		{763CCF58-EF20-40F6-BE45-DB39AE56CBF9}.Release|Any CPU.ActiveCfg = illink_Release|Any CPU
		{763CCF58-EF20-40F6-BE45-DB39AE56CBF9}.Release|Any CPU.Build.0 = illink_Release|Any CPU
		{763CCF58-EF20-40F6-BE45-DB39AE56CBF9}.Release|x64.ActiveCfg = illink_Release|Any CPU
		{763CCF58-EF20-40F6-BE45-DB39AE56CBF9}.Release|x64.Build.0 = illink_Release|Any CPU
		{763CCF58-EF20-40F6-BE45-DB39AE56CBF9}.Release|x86.ActiveCfg = illink_Release|Any CPU
		{763CCF58-EF20-40F6-BE45-DB39AE56CBF9}.Release|x86.Build.0 = illink_Release|Any CPU
		{1408C374-31BE-4259-AB01-6DB19342A07F}.Debug|Any CPU.ActiveCfg = Debug|Any CPU
		{1408C374-31BE-4259-AB01-6DB19342A07F}.Debug|Any CPU.Build.0 = Debug|Any CPU
		{1408C374-31BE-4259-AB01-6DB19342A07F}.Debug|x64.ActiveCfg = Debug|Any CPU
		{1408C374-31BE-4259-AB01-6DB19342A07F}.Debug|x64.Build.0 = Debug|Any CPU
		{1408C374-31BE-4259-AB01-6DB19342A07F}.Debug|x86.ActiveCfg = Debug|Any CPU
		{1408C374-31BE-4259-AB01-6DB19342A07F}.Debug|x86.Build.0 = Debug|Any CPU
		{1408C374-31BE-4259-AB01-6DB19342A07F}.Release|Any CPU.ActiveCfg = Release|Any CPU
		{1408C374-31BE-4259-AB01-6DB19342A07F}.Release|Any CPU.Build.0 = Release|Any CPU
		{1408C374-31BE-4259-AB01-6DB19342A07F}.Release|x64.ActiveCfg = Release|Any CPU
		{1408C374-31BE-4259-AB01-6DB19342A07F}.Release|x64.Build.0 = Release|Any CPU
		{1408C374-31BE-4259-AB01-6DB19342A07F}.Release|x86.ActiveCfg = Release|Any CPU
		{1408C374-31BE-4259-AB01-6DB19342A07F}.Release|x86.Build.0 = Release|Any CPU
		{DE523F91-3FB0-497C-82F5-D9D98C4D60CD}.Debug|Any CPU.ActiveCfg = illink_Debug|Any CPU
		{DE523F91-3FB0-497C-82F5-D9D98C4D60CD}.Debug|Any CPU.Build.0 = illink_Debug|Any CPU
		{DE523F91-3FB0-497C-82F5-D9D98C4D60CD}.Debug|x64.ActiveCfg = illink_Debug|Any CPU
		{DE523F91-3FB0-497C-82F5-D9D98C4D60CD}.Debug|x64.Build.0 = illink_Debug|Any CPU
		{DE523F91-3FB0-497C-82F5-D9D98C4D60CD}.Debug|x86.ActiveCfg = illink_Debug|Any CPU
		{DE523F91-3FB0-497C-82F5-D9D98C4D60CD}.Debug|x86.Build.0 = illink_Debug|Any CPU
		{DE523F91-3FB0-497C-82F5-D9D98C4D60CD}.Release|Any CPU.ActiveCfg = illink_Release|Any CPU
		{DE523F91-3FB0-497C-82F5-D9D98C4D60CD}.Release|Any CPU.Build.0 = illink_Release|Any CPU
		{DE523F91-3FB0-497C-82F5-D9D98C4D60CD}.Release|x64.ActiveCfg = illink_Release|Any CPU
		{DE523F91-3FB0-497C-82F5-D9D98C4D60CD}.Release|x64.Build.0 = illink_Release|Any CPU
		{DE523F91-3FB0-497C-82F5-D9D98C4D60CD}.Release|x86.ActiveCfg = illink_Release|Any CPU
		{DE523F91-3FB0-497C-82F5-D9D98C4D60CD}.Release|x86.Build.0 = illink_Release|Any CPU
		{BCCF117B-A64A-4A14-9EC5-D95C2F062EEB}.Debug|Any CPU.ActiveCfg = Debug|Any CPU
		{BCCF117B-A64A-4A14-9EC5-D95C2F062EEB}.Debug|Any CPU.Build.0 = Debug|Any CPU
		{BCCF117B-A64A-4A14-9EC5-D95C2F062EEB}.Debug|x64.ActiveCfg = Debug|Any CPU
		{BCCF117B-A64A-4A14-9EC5-D95C2F062EEB}.Debug|x64.Build.0 = Debug|Any CPU
		{BCCF117B-A64A-4A14-9EC5-D95C2F062EEB}.Debug|x86.ActiveCfg = Debug|Any CPU
		{BCCF117B-A64A-4A14-9EC5-D95C2F062EEB}.Debug|x86.Build.0 = Debug|Any CPU
		{BCCF117B-A64A-4A14-9EC5-D95C2F062EEB}.Release|Any CPU.ActiveCfg = Release|Any CPU
		{BCCF117B-A64A-4A14-9EC5-D95C2F062EEB}.Release|Any CPU.Build.0 = Release|Any CPU
		{BCCF117B-A64A-4A14-9EC5-D95C2F062EEB}.Release|x64.ActiveCfg = Release|Any CPU
		{BCCF117B-A64A-4A14-9EC5-D95C2F062EEB}.Release|x64.Build.0 = Release|Any CPU
		{BCCF117B-A64A-4A14-9EC5-D95C2F062EEB}.Release|x86.ActiveCfg = Release|Any CPU
		{BCCF117B-A64A-4A14-9EC5-D95C2F062EEB}.Release|x86.Build.0 = Release|Any CPU
		{173F7240-8074-4A0E-91A6-A307731F51EA}.Debug|Any CPU.ActiveCfg = Debug|Any CPU
		{173F7240-8074-4A0E-91A6-A307731F51EA}.Debug|Any CPU.Build.0 = Debug|Any CPU
		{173F7240-8074-4A0E-91A6-A307731F51EA}.Debug|x64.ActiveCfg = Debug|Any CPU
		{173F7240-8074-4A0E-91A6-A307731F51EA}.Debug|x64.Build.0 = Debug|Any CPU
		{173F7240-8074-4A0E-91A6-A307731F51EA}.Debug|x86.ActiveCfg = Debug|Any CPU
		{173F7240-8074-4A0E-91A6-A307731F51EA}.Debug|x86.Build.0 = Debug|Any CPU
		{173F7240-8074-4A0E-91A6-A307731F51EA}.Release|Any CPU.ActiveCfg = Release|Any CPU
		{173F7240-8074-4A0E-91A6-A307731F51EA}.Release|Any CPU.Build.0 = Release|Any CPU
		{173F7240-8074-4A0E-91A6-A307731F51EA}.Release|x64.ActiveCfg = Release|Any CPU
		{173F7240-8074-4A0E-91A6-A307731F51EA}.Release|x64.Build.0 = Release|Any CPU
		{173F7240-8074-4A0E-91A6-A307731F51EA}.Release|x86.ActiveCfg = Release|Any CPU
		{173F7240-8074-4A0E-91A6-A307731F51EA}.Release|x86.Build.0 = Release|Any CPU
	EndGlobalSection
	GlobalSection(NestedProjects) = preSolution
		{51D8B8B2-2FEC-419F-A9DA-CB9BE50ED090} = {9446114C-007D-418B-A759-80839674CC1F}
		{AA089F2D-32F4-4673-A1AC-65164DA740F4} = {51D8B8B2-2FEC-419F-A9DA-CB9BE50ED090}
		{7D834D4E-B9D8-460F-AF98-D79B8E94ACC8} = {AA089F2D-32F4-4673-A1AC-65164DA740F4}
		{52A4C482-38BA-42A7-A9F0-BD163AB33E24} = {7D834D4E-B9D8-460F-AF98-D79B8E94ACC8}
		{43E9C79E-035C-4584-A444-560780F45A7E} = {7D834D4E-B9D8-460F-AF98-D79B8E94ACC8}
		{749974FA-907B-4192-8074-6F21F74358F5} = {51D8B8B2-2FEC-419F-A9DA-CB9BE50ED090}
		{DC88D6F6-EA49-4AAC-867F-7EC36065E829} = {9446114C-007D-418B-A759-80839674CC1F}
		{AC3A2F2B-4146-4FDE-A778-3A529C54EB7F} = {DC88D6F6-EA49-4AAC-867F-7EC36065E829}
		{1C673C2E-3943-4829-9148-91179E00A777} = {DC88D6F6-EA49-4AAC-867F-7EC36065E829}
		{16E5D40D-DEE2-42A9-A190-67D8116F70B8} = {9446114C-007D-418B-A759-80839674CC1F}
		{734EF232-43AC-438B-9359-2D92E5F1BA68} = {16E5D40D-DEE2-42A9-A190-67D8116F70B8}
		{06135A48-269C-45C4-A083-355B40C2468A} = {16E5D40D-DEE2-42A9-A190-67D8116F70B8}
		{763CCF58-EF20-40F6-BE45-DB39AE56CBF9} = {16E5D40D-DEE2-42A9-A190-67D8116F70B8}
		{1408C374-31BE-4259-AB01-6DB19342A07F} = {16E5D40D-DEE2-42A9-A190-67D8116F70B8}
		{DE523F91-3FB0-497C-82F5-D9D98C4D60CD} = {DC88D6F6-EA49-4AAC-867F-7EC36065E829}
		{173F7240-8074-4A0E-91A6-A307731F51EA} = {AA089F2D-32F4-4673-A1AC-65164DA740F4}
	EndGlobalSection
EndGlobal
